# This file is autogenerated, do not edit; changes may be undone by the next 'dep ensure'.


[[projects]]
  name = "github.com/gobuffalo/packr"
  packages = ["."]
  revision = "bd47f2894846e32edcf9aa37290fef76c327883f"
  version = "v1.11.1"

[[projects]]
  name = "github.com/golang-migrate/migrate"
  packages = [
    "source",
    "source/testing"
  ]
  revision = "bcd996f3df28363f43e2d0935484c4559537a3eb"
  version = "v3.3.0"

[[projects]]
  name = "github.com/pkg/errors"
  packages = ["."]
  revision = "645ef00459ed84a119197bfb8d8205042c6df63d"
  version = "v0.8.0"

[solve-meta]
  analyzer-name = "dep"
  analyzer-version = 1
  inputs-digest = "a1ec0c16366b50e3dbabd81f766608bca1e43eb7a6a6b84bd7ba403249e98a97"
  solver-name = "gps-cdcl"
  solver-version = 1
